
Microsoft Visual Studio Solution File, Format Version 12.00
# Visual Studio 15
VisualStudioVersion = 15.0.27703.2047
MinimumVisualStudioVersion = 10.0.40219.1
Project("{FAE04EC0-301F-11D3-BF4B-00C04F79EFBC}") = "Threads", "Exam_70-483_Practice\Threads.csproj", "{6658BFB7-5DA5-4D40-985C-4C1C8F4AD013}"
EndProject
Global
	GlobalSection(SolutionConfigurationPlatforms) = preSolution
		Debug|Any CPU = Debug|Any CPU
		Release|Any CPU = Release|Any CPU
	EndGlobalSection
	GlobalSection(ProjectConfigurationPlatforms) = postSolution
		{6658BFB7-5DA5-4D40-985C-4C1C8F4AD013}.Debug|Any CPU.ActiveCfg = Debug|Any CPU
		{6658BFB7-5DA5-4D40-985C-4C1C8F4AD013}.Debug|Any CPU.Build.0 = Debug|Any CPU
		{6658BFB7-5DA5-4D40-985C-4C1C8F4AD013}.Release|Any CPU.ActiveCfg = Release|Any CPU
		{6658BFB7-5DA5-4D40-985C-4C1C8F4AD013}.Release|Any CPU.Build.0 = Release|Any CPU
	EndGlobalSection
	GlobalSection(SolutionProperties) = preSolution
		HideSolutionNode = FALSE
	EndGlobalSection
	GlobalSection(ExtensibilityGlobals) = postSolution
		SolutionGuid = {4C28A5DC-1606-457E-BAD2-4E8288640B06}
	EndGlobalSection
EndGlobal
